// !$*UTF8*$!
{
	archiveVersion = 1;
	classes = {
	};
	objectVersion = 77;
	objects = {

/* Begin PBXBuildFile section */
		C8E5C0B02E6392AD006A78A6 /* TimeToNextEvent Watch App.app in Embed Watch Content */ = {isa = PBXBuildFile; fileRef = C8E5C0AF2E6392AD006A78A6 /* TimeToNextEvent Watch App.app */; settings = {ATTRIBUTES = (RemoveHeadersOnCopy, ); }; };
		C8E5C0F42E639A57006A78A6 /* WidgetKit.framework in Frameworks */ = {isa = PBXBuildFile; fileRef = C8E5C0F32E639A57006A78A6 /* WidgetKit.framework */; };
		C8E5C0F62E639A57006A78A6 /* SwiftUI.framework in Frameworks */ = {isa = PBXBuildFile; fileRef = C8E5C0F52E639A57006A78A6 /* SwiftUI.framework */; };
		C8E5C1012E639A58006A78A6 /* TimeToNext Watch WidgetExtension.appex in Embed Foundation Extensions */ = {isa = PBXBuildFile; fileRef = C8E5C0F12E639A57006A78A6 /* TimeToNext Watch WidgetExtension.appex */; settings = {ATTRIBUTES = (RemoveHeadersOnCopy, ); }; };
/* End PBXBuildFile section */

/* Begin PBXContainerItemProxy section */
		C8E5C0B12E6392AD006A78A6 /* PBXContainerItemProxy */ = {
			isa = PBXContainerItemProxy;
			containerPortal = C8E5C0A32E6392AD006A78A6 /* Project object */;
			proxyType = 1;
			remoteGlobalIDString = C8E5C0AE2E6392AD006A78A6;
			remoteInfo = "TimeToNextEvent Watch App";
		};
		C8E5C0BF2E6392AE006A78A6 /* PBXContainerItemProxy */ = {
			isa = PBXContainerItemProxy;
			containerPortal = C8E5C0A32E6392AD006A78A6 /* Project object */;
			proxyType = 1;
			remoteGlobalIDString = C8E5C0AE2E6392AD006A78A6;
			remoteInfo = "TimeToNextEvent Watch App";
		};
		C8E5C0C92E6392AE006A78A6 /* PBXContainerItemProxy */ = {
			isa = PBXContainerItemProxy;
			containerPortal = C8E5C0A32E6392AD006A78A6 /* Project object */;
			proxyType = 1;
			remoteGlobalIDString = C8E5C0AE2E6392AD006A78A6;
			remoteInfo = "TimeToNextEvent Watch App";
		};
		C8E5C0FF2E639A58006A78A6 /* PBXContainerItemProxy */ = {
			isa = PBXContainerItemProxy;
			containerPortal = C8E5C0A32E6392AD006A78A6 /* Project object */;
			proxyType = 1;
			remoteGlobalIDString = C8E5C0F02E639A57006A78A6;
			remoteInfo = "TimeToNext Watch WidgetExtension";
		};
/* End PBXContainerItemProxy section */

/* Begin PBXCopyFilesBuildPhase section */
		C8E5C0D52E6392AE006A78A6 /* Embed Watch Content */ = {
			isa = PBXCopyFilesBuildPhase;
			buildActionMask = 2147483647;
			dstPath = "$(CONTENTS_FOLDER_PATH)/Watch";
			dstSubfolderSpec = 16;
			files = (
				C8E5C0B02E6392AD006A78A6 /* TimeToNextEvent Watch App.app in Embed Watch Content */,
			);
			name = "Embed Watch Content";
			runOnlyForDeploymentPostprocessing = 0;
		};
		C8E5C1062E639A58006A78A6 /* Embed Foundation Extensions */ = {
			isa = PBXCopyFilesBuildPhase;
			buildActionMask = 2147483647;
			dstPath = "";
			dstSubfolderSpec = 13;
			files = (
				C8E5C1012E639A58006A78A6 /* TimeToNext Watch WidgetExtension.appex in Embed Foundation Extensions */,
			);
			name = "Embed Foundation Extensions";
			runOnlyForDeploymentPostprocessing = 0;
		};
/* End PBXCopyFilesBuildPhase section */

/* Begin PBXFileReference section */
		C8E5C0A92E6392AD006A78A6 /* TimeToNextEvent.app */ = {isa = PBXFileReference; explicitFileType = wrapper.application; includeInIndex = 0; path = TimeToNextEvent.app; sourceTree = BUILT_PRODUCTS_DIR; };
		C8E5C0AF2E6392AD006A78A6 /* TimeToNextEvent Watch App.app */ = {isa = PBXFileReference; explicitFileType = wrapper.application; includeInIndex = 0; path = "TimeToNextEvent Watch App.app"; sourceTree = BUILT_PRODUCTS_DIR; };
		C8E5C0BE2E6392AE006A78A6 /* TimeToNextEvent Watch AppTests.xctest */ = {isa = PBXFileReference; explicitFileType = wrapper.cfbundle; includeInIndex = 0; path = "TimeToNextEvent Watch AppTests.xctest"; sourceTree = BUILT_PRODUCTS_DIR; };
		C8E5C0C82E6392AE006A78A6 /* TimeToNextEvent Watch AppUITests.xctest */ = {isa = PBXFileReference; explicitFileType = wrapper.cfbundle; includeInIndex = 0; path = "TimeToNextEvent Watch AppUITests.xctest"; sourceTree = BUILT_PRODUCTS_DIR; };
		C8E5C0F12E639A57006A78A6 /* TimeToNext Watch WidgetExtension.appex */ = {isa = PBXFileReference; explicitFileType = "wrapper.app-extension"; includeInIndex = 0; path = "TimeToNext Watch WidgetExtension.appex"; sourceTree = BUILT_PRODUCTS_DIR; };
		C8E5C0F32E639A57006A78A6 /* WidgetKit.framework */ = {isa = PBXFileReference; lastKnownFileType = wrapper.framework; name = WidgetKit.framework; path = System/Library/Frameworks/WidgetKit.framework; sourceTree = SDKROOT; };
		C8E5C0F52E639A57006A78A6 /* SwiftUI.framework */ = {isa = PBXFileReference; lastKnownFileType = wrapper.framework; name = SwiftUI.framework; path = System/Library/Frameworks/SwiftUI.framework; sourceTree = SDKROOT; };
/* End PBXFileReference section */

/* Begin PBXFileSystemSynchronizedBuildFileExceptionSet section */
		C8E5C1022E639A58006A78A6 /* Exceptions for "TimeToNext Watch Widget" folder in "TimeToNext Watch WidgetExtension" target */ = {
			isa = PBXFileSystemSynchronizedBuildFileExceptionSet;
			membershipExceptions = (
				Info.plist,
			);
			target = C8E5C0F02E639A57006A78A6 /* TimeToNext Watch WidgetExtension */;
		};
/* End PBXFileSystemSynchronizedBuildFileExceptionSet section */

/* Begin PBXFileSystemSynchronizedRootGroup section */
		C8E5C0B32E6392AD006A78A6 /* TimeToNextEvent Watch App */ = {
			isa = PBXFileSystemSynchronizedRootGroup;
			path = "TimeToNextEvent Watch App";
			sourceTree = "<group>";
		};
		C8E5C0C12E6392AE006A78A6 /* TimeToNextEvent Watch AppTests */ = {
			isa = PBXFileSystemSynchronizedRootGroup;
			path = "TimeToNextEvent Watch AppTests";
			sourceTree = "<group>";
		};
		C8E5C0CB2E6392AE006A78A6 /* TimeToNextEvent Watch AppUITests */ = {
			isa = PBXFileSystemSynchronizedRootGroup;
			path = "TimeToNextEvent Watch AppUITests";
			sourceTree = "<group>";
		};
		C8E5C0F72E639A57006A78A6 /* TimeToNext Watch Widget */ = {
			isa = PBXFileSystemSynchronizedRootGroup;
			exceptions = (
				C8E5C1022E639A58006A78A6 /* Exceptions for "TimeToNext Watch Widget" folder in "TimeToNext Watch WidgetExtension" target */,
			);
			path = "TimeToNext Watch Widget";
			sourceTree = "<group>";
		};
/* End PBXFileSystemSynchronizedRootGroup section */

/* Begin PBXFrameworksBuildPhase section */
		C8E5C0AC2E6392AD006A78A6 /* Frameworks */ = {
			isa = PBXFrameworksBuildPhase;
			buildActionMask = 2147483647;
			files = (
			);
			runOnlyForDeploymentPostprocessing = 0;
		};
		C8E5C0BB2E6392AE006A78A6 /* Frameworks */ = {
			isa = PBXFrameworksBuildPhase;
			buildActionMask = 2147483647;
			files = (
			);
			runOnlyForDeploymentPostprocessing = 0;
		};
		C8E5C0C52E6392AE006A78A6 /* Frameworks */ = {
			isa = PBXFrameworksBuildPhase;
			buildActionMask = 2147483647;
			files = (
			);
			runOnlyForDeploymentPostprocessing = 0;
		};
		C8E5C0EE2E639A57006A78A6 /* Frameworks */ = {
			isa = PBXFrameworksBuildPhase;
			buildActionMask = 2147483647;
			files = (
				C8E5C0F62E639A57006A78A6 /* SwiftUI.framework in Frameworks */,
				C8E5C0F42E639A57006A78A6 /* WidgetKit.framework in Frameworks */,
			);
			runOnlyForDeploymentPostprocessing = 0;
		};
/* End PBXFrameworksBuildPhase section */

/* Begin PBXGroup section */
		C8E5C0A22E6392AD006A78A6 = {
			isa = PBXGroup;
			children = (
				C8E5C0B32E6392AD006A78A6 /* TimeToNextEvent Watch App */,
				C8E5C0C12E6392AE006A78A6 /* TimeToNextEvent Watch AppTests */,
				C8E5C0CB2E6392AE006A78A6 /* TimeToNextEvent Watch AppUITests */,
				C8E5C0F72E639A57006A78A6 /* TimeToNext Watch Widget */,
				C8E5C0F22E639A57006A78A6 /* Frameworks */,
				C8E5C0AA2E6392AD006A78A6 /* Products */,
			);
			sourceTree = "<group>";
		};
		C8E5C0AA2E6392AD006A78A6 /* Products */ = {
			isa = PBXGroup;
			children = (
				C8E5C0A92E6392AD006A78A6 /* TimeToNextEvent.app */,
				C8E5C0AF2E6392AD006A78A6 /* TimeToNextEvent Watch App.app */,
				C8E5C0BE2E6392AE006A78A6 /* TimeToNextEvent Watch AppTests.xctest */,
				C8E5C0C82E6392AE006A78A6 /* TimeToNextEvent Watch AppUITests.xctest */,
				C8E5C0F12E639A57006A78A6 /* TimeToNext Watch WidgetExtension.appex */,
			);
			name = Products;
			sourceTree = "<group>";
		};
		C8E5C0F22E639A57006A78A6 /* Frameworks */ = {
			isa = PBXGroup;
			children = (
				C8E5C0F32E639A57006A78A6 /* WidgetKit.framework */,
				C8E5C0F52E639A57006A78A6 /* SwiftUI.framework */,
			);
			name = Frameworks;
			sourceTree = "<group>";
		};
/* End PBXGroup section */

/* Begin PBXNativeTarget section */
		C8E5C0A82E6392AD006A78A6 /* TimeToNextEvent */ = {
			isa = PBXNativeTarget;
			buildConfigurationList = C8E5C0D62E6392AE006A78A6 /* Build configuration list for PBXNativeTarget "TimeToNextEvent" */;
			buildPhases = (
				C8E5C0A72E6392AD006A78A6 /* Resources */,
				C8E5C0D52E6392AE006A78A6 /* Embed Watch Content */,
			);
			buildRules = (
			);
			dependencies = (
				C8E5C0B22E6392AD006A78A6 /* PBXTargetDependency */,
			);
			name = TimeToNextEvent;
			packageProductDependencies = (
			);
			productName = TimeToNextEvent;
			productReference = C8E5C0A92E6392AD006A78A6 /* TimeToNextEvent.app */;
			productType = "com.apple.product-type.application.watchapp2-container";
		};
		C8E5C0AE2E6392AD006A78A6 /* TimeToNextEvent Watch App */ = {
			isa = PBXNativeTarget;
			buildConfigurationList = C8E5C0D22E6392AE006A78A6 /* Build configuration list for PBXNativeTarget "TimeToNextEvent Watch App" */;
			buildPhases = (
				C8E5C0AB2E6392AD006A78A6 /* Sources */,
				C8E5C0AC2E6392AD006A78A6 /* Frameworks */,
				C8E5C0AD2E6392AD006A78A6 /* Resources */,
				C8E5C1062E639A58006A78A6 /* Embed Foundation Extensions */,
			);
			buildRules = (
			);
			dependencies = (
				C8E5C1002E639A58006A78A6 /* PBXTargetDependency */,
			);
			fileSystemSynchronizedGroups = (
				C8E5C0B32E6392AD006A78A6 /* TimeToNextEvent Watch App */,
			);
			name = "TimeToNextEvent Watch App";
			packageProductDependencies = (
			);
			productName = "TimeToNextEvent Watch App";
			productReference = C8E5C0AF2E6392AD006A78A6 /* TimeToNextEvent Watch App.app */;
			productType = "com.apple.product-type.application";
		};
		C8E5C0BD2E6392AE006A78A6 /* TimeToNextEvent Watch AppTests */ = {
			isa = PBXNativeTarget;
			buildConfigurationList = C8E5C0D92E6392AE006A78A6 /* Build configuration list for PBXNativeTarget "TimeToNextEvent Watch AppTests" */;
			buildPhases = (
				C8E5C0BA2E6392AE006A78A6 /* Sources */,
				C8E5C0BB2E6392AE006A78A6 /* Frameworks */,
				C8E5C0BC2E6392AE006A78A6 /* Resources */,
			);
			buildRules = (
			);
			dependencies = (
				C8E5C0C02E6392AE006A78A6 /* PBXTargetDependency */,
			);
			fileSystemSynchronizedGroups = (
				C8E5C0C12E6392AE006A78A6 /* TimeToNextEvent Watch AppTests */,
			);
			name = "TimeToNextEvent Watch AppTests";
			packageProductDependencies = (
			);
			productName = "TimeToNextEvent Watch AppTests";
			productReference = C8E5C0BE2E6392AE006A78A6 /* TimeToNextEvent Watch AppTests.xctest */;
			productType = "com.apple.product-type.bundle.unit-test";
		};
		C8E5C0C72E6392AE006A78A6 /* TimeToNextEvent Watch AppUITests */ = {
			isa = PBXNativeTarget;
			buildConfigurationList = C8E5C0DC2E6392AE006A78A6 /* Build configuration list for PBXNativeTarget "TimeToNextEvent Watch AppUITests" */;
			buildPhases = (
				C8E5C0C42E6392AE006A78A6 /* Sources */,
				C8E5C0C52E6392AE006A78A6 /* Frameworks */,
				C8E5C0C62E6392AE006A78A6 /* Resources */,
			);
			buildRules = (
			);
			dependencies = (
				C8E5C0CA2E6392AE006A78A6 /* PBXTargetDependency */,
			);
			fileSystemSynchronizedGroups = (
				C8E5C0CB2E6392AE006A78A6 /* TimeToNextEvent Watch AppUITests */,
			);
			name = "TimeToNextEvent Watch AppUITests";
			packageProductDependencies = (
			);
			productName = "TimeToNextEvent Watch AppUITests";
			productReference = C8E5C0C82E6392AE006A78A6 /* TimeToNextEvent Watch AppUITests.xctest */;
			productType = "com.apple.product-type.bundle.ui-testing";
		};
		C8E5C0F02E639A57006A78A6 /* TimeToNext Watch WidgetExtension */ = {
			isa = PBXNativeTarget;
			buildConfigurationList = C8E5C1032E639A58006A78A6 /* Build configuration list for PBXNativeTarget "TimeToNext Watch WidgetExtension" */;
			buildPhases = (
				C8E5C0ED2E639A57006A78A6 /* Sources */,
				C8E5C0EE2E639A57006A78A6 /* Frameworks */,
				C8E5C0EF2E639A57006A78A6 /* Resources */,
			);
			buildRules = (
			);
			dependencies = (
			);
			fileSystemSynchronizedGroups = (
				C8E5C0F72E639A57006A78A6 /* TimeToNext Watch Widget */,
			);
			name = "TimeToNext Watch WidgetExtension";
			packageProductDependencies = (
			);
			productName = "TimeToNext Watch WidgetExtension";
			productReference = C8E5C0F12E639A57006A78A6 /* TimeToNext Watch WidgetExtension.appex */;
			productType = "com.apple.product-type.app-extension";
		};
/* End PBXNativeTarget section */

/* Begin PBXProject section */
		C8E5C0A32E6392AD006A78A6 /* Project object */ = {
			isa = PBXProject;
			attributes = {
				BuildIndependentTargetsInParallel = 1;
				LastSwiftUpdateCheck = 1640;
				LastUpgradeCheck = 1640;
				TargetAttributes = {
					C8E5C0A82E6392AD006A78A6 = {
						CreatedOnToolsVersion = 16.4;
					};
					C8E5C0AE2E6392AD006A78A6 = {
						CreatedOnToolsVersion = 16.4;
					};
					C8E5C0BD2E6392AE006A78A6 = {
						CreatedOnToolsVersion = 16.4;
						TestTargetID = C8E5C0AE2E6392AD006A78A6;
					};
					C8E5C0C72E6392AE006A78A6 = {
						CreatedOnToolsVersion = 16.4;
						TestTargetID = C8E5C0AE2E6392AD006A78A6;
					};
					C8E5C0F02E639A57006A78A6 = {
						CreatedOnToolsVersion = 16.4;
					};
				};
			};
			buildConfigurationList = C8E5C0A62E6392AD006A78A6 /* Build configuration list for PBXProject "TimeToNextEvent" */;
			developmentRegion = en;
			hasScannedForEncodings = 0;
			knownRegions = (
				en,
				Base,
			);
			mainGroup = C8E5C0A22E6392AD006A78A6;
			minimizedProjectReferenceProxies = 1;
			preferredProjectObjectVersion = 77;
			productRefGroup = C8E5C0AA2E6392AD006A78A6 /* Products */;
			projectDirPath = "";
			projectRoot = "";
			targets = (
				C8E5C0A82E6392AD006A78A6 /* TimeToNextEvent */,
				C8E5C0AE2E6392AD006A78A6 /* TimeToNextEvent Watch App */,
				C8E5C0BD2E6392AE006A78A6 /* TimeToNextEvent Watch AppTests */,
				C8E5C0C72E6392AE006A78A6 /* TimeToNextEvent Watch AppUITests */,
				C8E5C0F02E639A57006A78A6 /* TimeToNext Watch WidgetExtension */,
			);
		};
/* End PBXProject section */

/* Begin PBXResourcesBuildPhase section */
		C8E5C0A72E6392AD006A78A6 /* Resources */ = {
			isa = PBXResourcesBuildPhase;
			buildActionMask = 2147483647;
			files = (
			);
			runOnlyForDeploymentPostprocessing = 0;
		};
		C8E5C0AD2E6392AD006A78A6 /* Resources */ = {
			isa = PBXResourcesBuildPhase;
			buildActionMask = 2147483647;
			files = (
			);
			runOnlyForDeploymentPostprocessing = 0;
		};
		C8E5C0BC2E6392AE006A78A6 /* Resources */ = {
			isa = PBXResourcesBuildPhase;
			buildActionMask = 2147483647;
			files = (
			);
			runOnlyForDeploymentPostprocessing = 0;
		};
		C8E5C0C62E6392AE006A78A6 /* Resources */ = {
			isa = PBXResourcesBuildPhase;
			buildActionMask = 2147483647;
			files = (
			);
			runOnlyForDeploymentPostprocessing = 0;
		};
		C8E5C0EF2E639A57006A78A6 /* Resources */ = {
			isa = PBXResourcesBuildPhase;
			buildActionMask = 2147483647;
			files = (
			);
			runOnlyForDeploymentPostprocessing = 0;
		};
/* End PBXResourcesBuildPhase section */

/* Begin PBXSourcesBuildPhase section */
		C8E5C0AB2E6392AD006A78A6 /* Sources */ = {
			isa = PBXSourcesBuildPhase;
			buildActionMask = 2147483647;
			files = (
			);
			runOnlyForDeploymentPostprocessing = 0;
		};
		C8E5C0BA2E6392AE006A78A6 /* Sources */ = {
			isa = PBXSourcesBuildPhase;
			buildActionMask = 2147483647;
			files = (
			);
			runOnlyForDeploymentPostprocessing = 0;
		};
		C8E5C0C42E6392AE006A78A6 /* Sources */ = {
			isa = PBXSourcesBuildPhase;
			buildActionMask = 2147483647;
			files = (
			);
			runOnlyForDeploymentPostprocessing = 0;
		};
		C8E5C0ED2E639A57006A78A6 /* Sources */ = {
			isa = PBXSourcesBuildPhase;
			buildActionMask = 2147483647;
			files = (
			);
			runOnlyForDeploymentPostprocessing = 0;
		};
/* End PBXSourcesBuildPhase section */

/* Begin PBXTargetDependency section */
		C8E5C0B22E6392AD006A78A6 /* PBXTargetDependency */ = {
			isa = PBXTargetDependency;
			target = C8E5C0AE2E6392AD006A78A6 /* TimeToNextEvent Watch App */;
			targetProxy = C8E5C0B12E6392AD006A78A6 /* PBXContainerItemProxy */;
		};
		C8E5C0C02E6392AE006A78A6 /* PBXTargetDependency */ = {
			isa = PBXTargetDependency;
			target = C8E5C0AE2E6392AD006A78A6 /* TimeToNextEvent Watch App */;
			targetProxy = C8E5C0BF2E6392AE006A78A6 /* PBXContainerItemProxy */;
		};
		C8E5C0CA2E6392AE006A78A6 /* PBXTargetDependency */ = {
			isa = PBXTargetDependency;
			target = C8E5C0AE2E6392AD006A78A6 /* TimeToNextEvent Watch App */;
			targetProxy = C8E5C0C92E6392AE006A78A6 /* PBXContainerItemProxy */;
		};
		C8E5C1002E639A58006A78A6 /* PBXTargetDependency */ = {
			isa = PBXTargetDependency;
			target = C8E5C0F02E639A57006A78A6 /* TimeToNext Watch WidgetExtension */;
			targetProxy = C8E5C0FF2E639A58006A78A6 /* PBXContainerItemProxy */;
		};
/* End PBXTargetDependency section */

/* Begin XCBuildConfiguration section */
		C8E5C0D02E6392AE006A78A6 /* Debug */ = {
			isa = XCBuildConfiguration;
			buildSettings = {
				ALWAYS_SEARCH_USER_PATHS = NO;
				ASSETCATALOG_COMPILER_GENERATE_SWIFT_ASSET_SYMBOL_EXTENSIONS = YES;
				CLANG_ANALYZER_NONNULL = YES;
				CLANG_ANALYZER_NUMBER_OBJECT_CONVERSION = YES_AGGRESSIVE;
				CLANG_CXX_LANGUAGE_STANDARD = "gnu++20";
				CLANG_ENABLE_MODULES = YES;
				CLANG_ENABLE_OBJC_ARC = YES;
				CLANG_ENABLE_OBJC_WEAK = YES;
				CLANG_WARN_BLOCK_CAPTURE_AUTORELEASING = YES;
				CLANG_WARN_BOOL_CONVERSION = YES;
				CLANG_WARN_COMMA = YES;
				CLANG_WARN_CONSTANT_CONVERSION = YES;
				CLANG_WARN_DEPRECATED_OBJC_IMPLEMENTATIONS = YES;
				CLANG_WARN_DIRECT_OBJC_ISA_USAGE = YES_ERROR;
				CLANG_WARN_DOCUMENTATION_COMMENTS = YES;
				CLANG_WARN_EMPTY_BODY = YES;
				CLANG_WARN_ENUM_CONVERSION = YES;
				CLANG_WARN_INFINITE_RECURSION = YES;
				CLANG_WARN_INT_CONVERSION = YES;
				CLANG_WARN_NON_LITERAL_NULL_CONVERSION = YES;
				CLANG_WARN_OBJC_IMPLICIT_RETAIN_SELF = YES;
				CLANG_WARN_OBJC_LITERAL_CONVERSION = YES;
				CLANG_WARN_OBJC_ROOT_CLASS = YES_ERROR;
				CLANG_WARN_QUOTED_INCLUDE_IN_FRAMEWORK_HEADER = YES;
				CLANG_WARN_RANGE_LOOP_ANALYSIS = YES;
				CLANG_WARN_STRICT_PROTOTYPES = YES;
				CLANG_WARN_SUSPICIOUS_MOVE = YES;
				CLANG_WARN_UNGUARDED_AVAILABILITY = YES_AGGRESSIVE;
				CLANG_WARN_UNREACHABLE_CODE = YES;
				CLANG_WARN__DUPLICATE_METHOD_MATCH = YES;
				COPY_PHASE_STRIP = NO;
				DEBUG_INFORMATION_FORMAT = dwarf;
				DEVELOPMENT_TEAM = 5A3NSS82K5;
				ENABLE_STRICT_OBJC_MSGSEND = YES;
				ENABLE_TESTABILITY = YES;
				ENABLE_USER_SCRIPT_SANDBOXING = YES;
				GCC_C_LANGUAGE_STANDARD = gnu17;
				GCC_DYNAMIC_NO_PIC = NO;
				GCC_NO_COMMON_BLOCKS = YES;
				GCC_OPTIMIZATION_LEVEL = 0;
				GCC_PREPROCESSOR_DEFINITIONS = (
					"DEBUG=1",
					"$(inherited)",
				);
				GCC_WARN_64_TO_32_BIT_CONVERSION = YES;
				GCC_WARN_ABOUT_RETURN_TYPE = YES_ERROR;
				GCC_WARN_UNDECLARED_SELECTOR = YES;
				GCC_WARN_UNINITIALIZED_AUTOS = YES_AGGRESSIVE;
				GCC_WARN_UNUSED_FUNCTION = YES;
				GCC_WARN_UNUSED_VARIABLE = YES;
				LOCALIZATION_PREFERS_STRING_CATALOGS = YES;
				MTL_ENABLE_DEBUG_INFO = INCLUDE_SOURCE;
				MTL_FAST_MATH = YES;
				ONLY_ACTIVE_ARCH = YES;
				SWIFT_ACTIVE_COMPILATION_CONDITIONS = "DEBUG $(inherited)";
				SWIFT_OPTIMIZATION_LEVEL = "-Onone";
			};
			name = Debug;
		};
		C8E5C0D12E6392AE006A78A6 /* Release */ = {
			isa = XCBuildConfiguration;
			buildSettings = {
				ALWAYS_SEARCH_USER_PATHS = NO;
				ASSETCATALOG_COMPILER_GENERATE_SWIFT_ASSET_SYMBOL_EXTENSIONS = YES;
				CLANG_ANALYZER_NONNULL = YES;
				CLANG_ANALYZER_NUMBER_OBJECT_CONVERSION = YES_AGGRESSIVE;
				CLANG_CXX_LANGUAGE_STANDARD = "gnu++20";
				CLANG_ENABLE_MODULES = YES;
				CLANG_ENABLE_OBJC_ARC = YES;
				CLANG_ENABLE_OBJC_WEAK = YES;
				CLANG_WARN_BLOCK_CAPTURE_AUTORELEASING = YES;
				CLANG_WARN_BOOL_CONVERSION = YES;
				CLANG_WARN_COMMA = YES;
				CLANG_WARN_CONSTANT_CONVERSION = YES;
				CLANG_WARN_DEPRECATED_OBJC_IMPLEMENTATIONS = YES;
				CLANG_WARN_DIRECT_OBJC_ISA_USAGE = YES_ERROR;
				CLANG_WARN_DOCUMENTATION_COMMENTS = YES;
				CLANG_WARN_EMPTY_BODY = YES;
				CLANG_WARN_ENUM_CONVERSION = YES;
				CLANG_WARN_INFINITE_RECURSION = YES;
				CLANG_WARN_INT_CONVERSION = YES;
				CLANG_WARN_NON_LITERAL_NULL_CONVERSION = YES;
				CLANG_WARN_OBJC_IMPLICIT_RETAIN_SELF = YES;
				CLANG_WARN_OBJC_LITERAL_CONVERSION = YES;
				CLANG_WARN_OBJC_ROOT_CLASS = YES_ERROR;
				CLANG_WARN_QUOTED_INCLUDE_IN_FRAMEWORK_HEADER = YES;
				CLANG_WARN_RANGE_LOOP_ANALYSIS = YES;
				CLANG_WARN_STRICT_PROTOTYPES = YES;
				CLANG_WARN_SUSPICIOUS_MOVE = YES;
				CLANG_WARN_UNGUARDED_AVAILABILITY = YES_AGGRESSIVE;
				CLANG_WARN_UNREACHABLE_CODE = YES;
				CLANG_WARN__DUPLICATE_METHOD_MATCH = YES;
				COPY_PHASE_STRIP = NO;
				DEBUG_INFORMATION_FORMAT = "dwarf-with-dsym";
				DEVELOPMENT_TEAM = 5A3NSS82K5;
				ENABLE_NS_ASSERTIONS = NO;
				ENABLE_STRICT_OBJC_MSGSEND = YES;
				ENABLE_USER_SCRIPT_SANDBOXING = YES;
				GCC_C_LANGUAGE_STANDARD = gnu17;
				GCC_NO_COMMON_BLOCKS = YES;
				GCC_WARN_64_TO_32_BIT_CONVERSION = YES;
				GCC_WARN_ABOUT_RETURN_TYPE = YES_ERROR;
				GCC_WARN_UNDECLARED_SELECTOR = YES;
				GCC_WARN_UNINITIALIZED_AUTOS = YES_AGGRESSIVE;
				GCC_WARN_UNUSED_FUNCTION = YES;
				GCC_WARN_UNUSED_VARIABLE = YES;
				LOCALIZATION_PREFERS_STRING_CATALOGS = YES;
				MTL_ENABLE_DEBUG_INFO = NO;
				MTL_FAST_MATH = YES;
				SWIFT_COMPILATION_MODE = wholemodule;
			};
			name = Release;
		};
		C8E5C0D32E6392AE006A78A6 /* Debug */ = {
			isa = XCBuildConfiguration;
			buildSettings = {
				ASSETCATALOG_COMPILER_APPICON_NAME = AppIcon;
				ASSETCATALOG_COMPILER_GLOBAL_ACCENT_COLOR_NAME = AccentColor;
				CODE_SIGN_STYLE = Automatic;
				CURRENT_PROJECT_VERSION = 1;
				DEVELOPMENT_TEAM = 5A3NSS82K5;
				ENABLE_PREVIEWS = YES;
				GENERATE_INFOPLIST_FILE = YES;
				INFOPLIST_KEY_CFBundleDisplayName = TimeToNextEvent;
				INFOPLIST_KEY_NSCalendarsUsageDescription = "Access to your calendars is needed to determine the next event";
				INFOPLIST_KEY_UISupportedInterfaceOrientations = "UIInterfaceOrientationPortrait UIInterfaceOrientationPortraitUpsideDown";
				INFOPLIST_KEY_WKWatchOnly = YES;
				LD_RUNPATH_SEARCH_PATHS = (
					"$(inherited)",
					"@executable_path/Frameworks",
				);
				MARKETING_VERSION = 1.0;
				PRODUCT_BUNDLE_IDENTIFIER = com.jodypaul.TimeToNextEvent.watchkitapp;
				PRODUCT_NAME = "$(TARGET_NAME)";
				SDKROOT = watchos;
				SKIP_INSTALL = YES;
				SWIFT_EMIT_LOC_STRINGS = YES;
				SWIFT_VERSION = 5.0;
				TARGETED_DEVICE_FAMILY = 4;
				WATCHOS_DEPLOYMENT_TARGET = 11.5;
			};
			name = Debug;
		};
		C8E5C0D42E6392AE006A78A6 /* Release */ = {
			isa = XCBuildConfiguration;
			buildSettings = {
				ASSETCATALOG_COMPILER_APPICON_NAME = AppIcon;
				ASSETCATALOG_COMPILER_GLOBAL_ACCENT_COLOR_NAME = AccentColor;
				CODE_SIGN_STYLE = Automatic;
				CURRENT_PROJECT_VERSION = 1;
				DEVELOPMENT_TEAM = 5A3NSS82K5;
				ENABLE_PREVIEWS = YES;
				GENERATE_INFOPLIST_FILE = YES;
				INFOPLIST_KEY_CFBundleDisplayName = TimeToNextEvent;
				INFOPLIST_KEY_NSCalendarsUsageDescription = "Access to your calendars is needed to determine the next event";
				INFOPLIST_KEY_UISupportedInterfaceOrientations = "UIInterfaceOrientationPortrait UIInterfaceOrientationPortraitUpsideDown";
				INFOPLIST_KEY_WKWatchOnly = YES;
				LD_RUNPATH_SEARCH_PATHS = (
					"$(inherited)",
					"@executable_path/Frameworks",
				);
				MARKETING_VERSION = 1.0;
				PRODUCT_BUNDLE_IDENTIFIER = com.jodypaul.TimeToNextEvent.watchkitapp;
				PRODUCT_NAME = "$(TARGET_NAME)";
				SDKROOT = watchos;
				SKIP_INSTALL = YES;
				SWIFT_EMIT_LOC_STRINGS = YES;
				SWIFT_VERSION = 5.0;
				TARGETED_DEVICE_FAMILY = 4;
				VALIDATE_PRODUCT = YES;
				WATCHOS_DEPLOYMENT_TARGET = 11.5;
			};
			name = Release;
		};
		C8E5C0D72E6392AE006A78A6 /* Debug */ = {
			isa = XCBuildConfiguration;
			buildSettings = {
				CODE_SIGN_STYLE = Automatic;
				CURRENT_PROJECT_VERSION = 1;
				DEVELOPMENT_TEAM = 5A3NSS82K5;
				INFOPLIST_KEY_CFBundleDisplayName = TimeToNextEvent;
				MARKETING_VERSION = 1.0;
				PRODUCT_BUNDLE_IDENTIFIER = com.jodypaul.TimeToNextEvent;
				PRODUCT_NAME = "$(TARGET_NAME)";
				SDKROOT = iphoneos;
				SWIFT_VERSION = 5.0;
			};
			name = Debug;
		};
		C8E5C0D82E6392AE006A78A6 /* Release */ = {
			isa = XCBuildConfiguration;
			buildSettings = {
				CODE_SIGN_STYLE = Automatic;
				CURRENT_PROJECT_VERSION = 1;
				DEVELOPMENT_TEAM = 5A3NSS82K5;
				INFOPLIST_KEY_CFBundleDisplayName = TimeToNextEvent;
				MARKETING_VERSION = 1.0;
				PRODUCT_BUNDLE_IDENTIFIER = com.jodypaul.TimeToNextEvent;
				PRODUCT_NAME = "$(TARGET_NAME)";
				SDKROOT = iphoneos;
				SWIFT_VERSION = 5.0;
				VALIDATE_PRODUCT = YES;
			};
			name = Release;
		};
		C8E5C0DA2E6392AE006A78A6 /* Debug */ = {
			isa = XCBuildConfiguration;
			buildSettings = {
				BUNDLE_LOADER = "$(TEST_HOST)";
				CODE_SIGN_STYLE = Automatic;
				CURRENT_PROJECT_VERSION = 1;
				DEVELOPMENT_TEAM = 5A3NSS82K5;
				GENERATE_INFOPLIST_FILE = YES;
				MARKETING_VERSION = 1.0;
				PRODUCT_BUNDLE_IDENTIFIER = "com.jodypaul.TimeToNextEvent-Watch-AppTests";
				PRODUCT_NAME = "$(TARGET_NAME)";
				SDKROOT = watchos;
				SWIFT_EMIT_LOC_STRINGS = NO;
				SWIFT_VERSION = 5.0;
				TARGETED_DEVICE_FAMILY = 4;
				TEST_HOST = "$(BUILT_PRODUCTS_DIR)/TimeToNextEvent Watch App.app/$(BUNDLE_EXECUTABLE_FOLDER_PATH)/TimeToNextEvent Watch App";
				WATCHOS_DEPLOYMENT_TARGET = 11.5;
			};
			name = Debug;
		};
		C8E5C0DB2E6392AE006A78A6 /* Release */ = {
			isa = XCBuildConfiguration;
			buildSettings = {
				BUNDLE_LOADER = "$(TEST_HOST)";
				CODE_SIGN_STYLE = Automatic;
				CURRENT_PROJECT_VERSION = 1;
				DEVELOPMENT_TEAM = 5A3NSS82K5;
				GENERATE_INFOPLIST_FILE = YES;
				MARKETING_VERSION = 1.0;
				PRODUCT_BUNDLE_IDENTIFIER = "com.jodypaul.TimeToNextEvent-Watch-AppTests";
				PRODUCT_NAME = "$(TARGET_NAME)";
				SDKROOT = watchos;
				SWIFT_EMIT_LOC_STRINGS = NO;
				SWIFT_VERSION = 5.0;
				TARGETED_DEVICE_FAMILY = 4;
				TEST_HOST = "$(BUILT_PRODUCTS_DIR)/TimeToNextEvent Watch App.app/$(BUNDLE_EXECUTABLE_FOLDER_PATH)/TimeToNextEvent Watch App";
				VALIDATE_PRODUCT = YES;
				WATCHOS_DEPLOYMENT_TARGET = 11.5;
			};
			name = Release;
		};
		C8E5C0DD2E6392AE006A78A6 /* Debug */ = {
			isa = XCBuildConfiguration;
			buildSettings = {
				CODE_SIGN_STYLE = Automatic;
				CURRENT_PROJECT_VERSION = 1;
				DEVELOPMENT_TEAM = 5A3NSS82K5;
				GENERATE_INFOPLIST_FILE = YES;
				MARKETING_VERSION = 1.0;
				PRODUCT_BUNDLE_IDENTIFIER = "com.jodypaul.TimeToNextEvent-Watch-AppUITests";
				PRODUCT_NAME = "$(TARGET_NAME)";
				SDKROOT = watchos;
				SWIFT_EMIT_LOC_STRINGS = NO;
				SWIFT_VERSION = 5.0;
				TARGETED_DEVICE_FAMILY = 4;
				TEST_TARGET_NAME = "TimeToNextEvent Watch App";
				WATCHOS_DEPLOYMENT_TARGET = 11.5;
			};
			name = Debug;
		};
		C8E5C0DE2E6392AE006A78A6 /* Release */ = {
			isa = XCBuildConfiguration;
			buildSettings = {
				CODE_SIGN_STYLE = Automatic;
				CURRENT_PROJECT_VERSION = 1;
				DEVELOPMENT_TEAM = 5A3NSS82K5;
				GENERATE_INFOPLIST_FILE = YES;
				MARKETING_VERSION = 1.0;
				PRODUCT_BUNDLE_IDENTIFIER = "com.jodypaul.TimeToNextEvent-Watch-AppUITests";
				PRODUCT_NAME = "$(TARGET_NAME)";
				SDKROOT = watchos;
				SWIFT_EMIT_LOC_STRINGS = NO;
				SWIFT_VERSION = 5.0;
				TARGETED_DEVICE_FAMILY = 4;
				TEST_TARGET_NAME = "TimeToNextEvent Watch App";
				VALIDATE_PRODUCT = YES;
				WATCHOS_DEPLOYMENT_TARGET = 11.5;
			};
			name = Release;
		};
		C8E5C1042E639A58006A78A6 /* Debug */ = {
			isa = XCBuildConfiguration;
			buildSettings = {
				ASSETCATALOG_COMPILER_GLOBAL_ACCENT_COLOR_NAME = AccentColor;
				ASSETCATALOG_COMPILER_WIDGET_BACKGROUND_COLOR_NAME = WidgetBackground;
				CODE_SIGN_STYLE = Automatic;
				CURRENT_PROJECT_VERSION = 1;
				DEVELOPMENT_TEAM = 5A3NSS82K5;
				GENERATE_INFOPLIST_FILE = YES;
				INFOPLIST_FILE = "TimeToNext Watch Widget/Info.plist";
				INFOPLIST_KEY_CFBundleDisplayName = "TimeToNext Watch Widget";
				INFOPLIST_KEY_NSHumanReadableCopyright = "";
				LD_RUNPATH_SEARCH_PATHS = (
					"$(inherited)",
					"@executable_path/Frameworks",
					"@executable_path/../../Frameworks",
					"@executable_path/../../../../Frameworks",
				);
				MARKETING_VERSION = 1.0;
				PRODUCT_BUNDLE_IDENTIFIER = "com.jodypaul.TimeToNextEvent.watchkitapp.TimeToNext-Watch-Widget";
				PRODUCT_NAME = "$(TARGET_NAME)";
				SDKROOT = watchos;
				SKIP_INSTALL = YES;
				SWIFT_EMIT_LOC_STRINGS = YES;
				SWIFT_VERSION = 5.0;
				TARGETED_DEVICE_FAMILY = 4;
				WATCHOS_DEPLOYMENT_TARGET = 11.5;
			};
			name = Debug;
		};
		C8E5C1052E639A58006A78A6 /* Release */ = {
			isa = XCBuildConfiguration;
			buildSettings = {
				ASSETCATALOG_COMPILER_GLOBAL_ACCENT_COLOR_NAME = AccentColor;
				ASSETCATALOG_COMPILER_WIDGET_BACKGROUND_COLOR_NAME = WidgetBackground;
				CODE_SIGN_STYLE = Automatic;
				CURRENT_PROJECT_VERSION = 1;
				DEVELOPMENT_TEAM = 5A3NSS82K5;
				GENERATE_INFOPLIST_FILE = YES;
				INFOPLIST_FILE = "TimeToNext Watch Widget/Info.plist";
				INFOPLIST_KEY_CFBundleDisplayName = "TimeToNext Watch Widget";
				INFOPLIST_KEY_NSHumanReadableCopyright = "";
				LD_RUNPATH_SEARCH_PATHS = (
					"$(inherited)",
					"@executable_path/Frameworks",
					"@executable_path/../../Frameworks",
					"@executable_path/../../../../Frameworks",
				);
				MARKETING_VERSION = 1.0;
				PRODUCT_BUNDLE_IDENTIFIER = "com.jodypaul.TimeToNextEvent.watchkitapp.TimeToNext-Watch-Widget";
				PRODUCT_NAME = "$(TARGET_NAME)";
				SDKROOT = watchos;
				SKIP_INSTALL = YES;
				SWIFT_EMIT_LOC_STRINGS = YES;
				SWIFT_VERSION = 5.0;
				TARGETED_DEVICE_FAMILY = 4;
				VALIDATE_PRODUCT = YES;
				WATCHOS_DEPLOYMENT_TARGET = 11.5;
			};
			name = Release;
		};
/* End XCBuildConfiguration section */

/* Begin XCConfigurationList section */
		C8E5C0A62E6392AD006A78A6 /* Build configuration list for PBXProject "TimeToNextEvent" */ = {
			isa = XCConfigurationList;
			buildConfigurations = (
				C8E5C0D02E6392AE006A78A6 /* Debug */,
				C8E5C0D12E6392AE006A78A6 /* Release */,
			);
			defaultConfigurationIsVisible = 0;
			defaultConfigurationName = Release;
		};
		C8E5C0D22E6392AE006A78A6 /* Build configuration list for PBXNativeTarget "TimeToNextEvent Watch App" */ = {
			isa = XCConfigurationList;
			buildConfigurations = (
				C8E5C0D32E6392AE006A78A6 /* Debug */,
				C8E5C0D42E6392AE006A78A6 /* Release */,
			);
			defaultConfigurationIsVisible = 0;
			defaultConfigurationName = Release;
		};
		C8E5C0D62E6392AE006A78A6 /* Build configuration list for PBXNativeTarget "TimeToNextEvent" */ = {
			isa = XCConfigurationList;
			buildConfigurations = (
				C8E5C0D72E6392AE006A78A6 /* Debug */,
				C8E5C0D82E6392AE006A78A6 /* Release */,
			);
			defaultConfigurationIsVisible = 0;
			defaultConfigurationName = Release;
		};
		C8E5C0D92E6392AE006A78A6 /* Build configuration list for PBXNativeTarget "TimeToNextEvent Watch AppTests" */ = {
			isa = XCConfigurationList;
			buildConfigurations = (
				C8E5C0DA2E6392AE006A78A6 /* Debug */,
				C8E5C0DB2E6392AE006A78A6 /* Release */,
			);
			defaultConfigurationIsVisible = 0;
			defaultConfigurationName = Release;
		};
		C8E5C0DC2E6392AE006A78A6 /* Build configuration list for PBXNativeTarget "TimeToNextEvent Watch AppUITests" */ = {
			isa = XCConfigurationList;
			buildConfigurations = (
				C8E5C0DD2E6392AE006A78A6 /* Debug */,
				C8E5C0DE2E6392AE006A78A6 /* Release */,
			);
			defaultConfigurationIsVisible = 0;
			defaultConfigurationName = Release;
		};
		C8E5C1032E639A58006A78A6 /* Build configuration list for PBXNativeTarget "TimeToNext Watch WidgetExtension" */ = {
			isa = XCConfigurationList;
			buildConfigurations = (
				C8E5C1042E639A58006A78A6 /* Debug */,
				C8E5C1052E639A58006A78A6 /* Release */,
			);
			defaultConfigurationIsVisible = 0;
			defaultConfigurationName = Release;
		};
/* End XCConfigurationList section */
	};
	rootObject = C8E5C0A32E6392AD006A78A6 /* Project object */;
}
